
Microsoft Visual Studio Solution File, Format Version 12.00
# Visual Studio 15
VisualStudioVersion = 15.0.26403.0
MinimumVisualStudioVersion = 10.0.40219.1
Project("{2150E333-8FDC-42A3-9474-1A3956D46DE8}") = "src", "src", "{22587C03-38D8-4F8C-83A0-E79D34EFBE13}"
EndProject
Project("{2150E333-8FDC-42A3-9474-1A3956D46DE8}") = "samples", "samples", "{A3FECC8D-83F4-44EF-934F-9FCCA8AEA858}"
EndProject
Project("{9A19103F-16F7-4668-BE54-9A1E7A4F7556}") = "WoodenMoose.AspNetCore.SwaggerGen", "src\WoodenMoose.AspNetCore.SwaggerGen\WoodenMoose.AspNetCore.SwaggerGen.csproj", "{53B725FE-D84B-4255-9980-561D28495443}"
EndProject
Project("{9A19103F-16F7-4668-BE54-9A1E7A4F7556}") = "Sample.WebAPI", "samples\Sample.WebAPI\Sample.WebAPI.csproj", "{8157C829-502C-4E9E-8CBC-F103859F194A}"
EndProject
Global
	GlobalSection(SolutionConfigurationPlatforms) = preSolution
		Debug|Any CPU = Debug|Any CPU
		Release|Any CPU = Release|Any CPU
	EndGlobalSection
	GlobalSection(ProjectConfigurationPlatforms) = postSolution
		{53B725FE-D84B-4255-9980-561D28495443}.Debug|Any CPU.ActiveCfg = Debug|Any CPU
		{53B725FE-D84B-4255-9980-561D28495443}.Debug|Any CPU.Build.0 = Debug|Any CPU
		{53B725FE-D84B-4255-9980-561D28495443}.Release|Any CPU.ActiveCfg = Release|Any CPU
		{53B725FE-D84B-4255-9980-561D28495443}.Release|Any CPU.Build.0 = Release|Any CPU
		{8157C829-502C-4E9E-8CBC-F103859F194A}.Debug|Any CPU.ActiveCfg = Debug|Any CPU
		{8157C829-502C-4E9E-8CBC-F103859F194A}.Debug|Any CPU.Build.0 = Debug|Any CPU
		{8157C829-502C-4E9E-8CBC-F103859F194A}.Release|Any CPU.ActiveCfg = Release|Any CPU
		{8157C829-502C-4E9E-8CBC-F103859F194A}.Release|Any CPU.Build.0 = Release|Any CPU
	EndGlobalSection
	GlobalSection(SolutionProperties) = preSolution
		HideSolutionNode = FALSE
	EndGlobalSection
	GlobalSection(NestedProjects) = preSolution
		{53B725FE-D84B-4255-9980-561D28495443} = {22587C03-38D8-4F8C-83A0-E79D34EFBE13}
		{8157C829-502C-4E9E-8CBC-F103859F194A} = {A3FECC8D-83F4-44EF-934F-9FCCA8AEA858}
	EndGlobalSection
EndGlobal
